
Microsoft Visual Studio Solution File, Format Version 12.00
# Visual Studio 15
VisualStudioVersion = 15.0.27130.2036
MinimumVisualStudioVersion = 10.0.40219.1
Project("{FAE04EC0-301F-11D3-BF4B-00C04F79EFBC}") = "VRHostel", "VRHostel\VRHostel.csproj", "{1C097210-C5FB-4135-A551-3A1B5DC32159}"
EndProject
Global
	GlobalSection(SolutionConfigurationPlatforms) = preSolution
		Debug|Any CPU = Debug|Any CPU
		Release|Any CPU = Release|Any CPU
	EndGlobalSection
	GlobalSection(ProjectConfigurationPlatforms) = postSolution
		{1C097210-C5FB-4135-A551-3A1B5DC32159}.Debug|Any CPU.ActiveCfg = Debug|Any CPU
		{1C097210-C5FB-4135-A551-3A1B5DC32159}.Debug|Any CPU.Build.0 = Debug|Any CPU
		{1C097210-C5FB-4135-A551-3A1B5DC32159}.Release|Any CPU.ActiveCfg = Release|Any CPU
		{1C097210-C5FB-4135-A551-3A1B5DC32159}.Release|Any CPU.Build.0 = Release|Any CPU
	EndGlobalSection
	GlobalSection(SolutionProperties) = preSolution
		HideSolutionNode = FALSE
	EndGlobalSection
	GlobalSection(ExtensibilityGlobals) = postSolution
		SolutionGuid = {8A0E66AB-784E-41A5-9935-5EDFBFB74C8F}
	EndGlobalSection
EndGlobal
